version: '1.3'
images:
  local: hud-ui-cube-local:0.1.14
  full: hud-ui-cube-local:0.1.14@sha256:8e975cdbda35271a6bb19aacd4e1103a4eaf6443ecb188b5dcc58d6e183e52c0
  pushed: null
build:
  generatedAt: 2026-01-27T00:09:24.407935+00:00Z
  hudVersion: 0.5.15
  directory: hud-ui-cube-local
  version: 0.1.14
  sourceHash: 272ff4bf9a5cacd9f274cb93b07c737fa07623ae62feed960a276df04b118fc9
  baseImage: hudevals/hud-browser-base:latest
  platform: linux/amd64
  sourceFiles:
  - Dockerfile
  - pyproject.toml
environment:
  initializeMs: 6206
  toolCount: 7
  runtime:
    python: 3.12.3
    cuda: null
    cudnn: null
    pytorch: null
  internalToolCount: 0
  variables:
    _note: You can edit this section to add or modify environment variables. Provided
      variables will be used when running the environment.
    required:
    - ANTHROPIC_COMPUTER_HEIGHT
    - ANTHROPIC_COMPUTER_WIDTH
    - ANTHROPIC_RESCALE_IMAGES
    - DISPLAY_HEIGHT
    - DISPLAY_WIDTH
    - GEMINI_COMPUTER_HEIGHT
    - GEMINI_COMPUTER_WIDTH
    - GEMINI_RESCALE_IMAGES
    - HUD_API_KEY
    - HUD_COMPUTER_HEIGHT
    - HUD_COMPUTER_WIDTH
    - HUD_RESCALE_IMAGES
    - OPENAI_COMPUTER_HEIGHT
    - OPENAI_COMPUTER_WIDTH
    - OPENAI_RESCALE_IMAGES
tools:
- name: navigate_to
  description: Navigate the browser to a URL.
  inputSchema:
    properties:
      url:
        type: string
    required:
    - url
    type: object
- name: wait
  description: Wait for a number of seconds.
  inputSchema:
    properties:
      seconds:
        type: number
    required:
    - seconds
    type: object
- name: anthropic_computer
  description: Control computer with mouse, keyboard, and screenshot
  inputSchema:
    properties:
      action:
        description: The action to perform on the computer
        type: string
      coordinate:
        anyOf:
        - items:
            type: integer
          type: array
        - type: 'null'
        default: null
        description: The coordinate to interact with on the computer [x, y]
      text:
        anyOf:
        - type: string
        - type: 'null'
        default: null
        description: The text to type on the computer or key to press
      start_coordinate:
        anyOf:
        - items:
            type: integer
          type: array
        - type: 'null'
        default: null
        description: The starting coordinate for drag actions [x, y]
      scroll_direction:
        anyOf:
        - type: string
        - type: 'null'
        default: null
        description: The direction to scroll (up, down, left, right)
      scroll_amount:
        anyOf:
        - type: integer
        - type: 'null'
        default: null
        description: The amount to scroll
      duration:
        anyOf:
        - type: number
        - type: 'null'
        default: null
        description: The duration of the action in seconds
      take_screenshot_on_click:
        default: true
        description: Whether to take a screenshot after clicking
        type: boolean
    required:
    - action
    type: object
- name: openai_computer
  description: Control computer with mouse, keyboard, and screenshots
  inputSchema:
    $defs:
      Coordinate:
        description: 'A coordinate point with x and y values.


          Used for path-based actions like drag operations.'
        properties:
          x:
            description: X coordinate
            type: integer
          y:
            description: Y coordinate
            type: integer
        required:
        - x
        - y
        type: object
    properties:
      type:
        description: The action type to perform
        enum:
        - screenshot
        - click
        - double_click
        - scroll
        - type
        - wait
        - move
        - keypress
        - drag
        - response
        - custom
        type: string
      x:
        anyOf:
        - type: integer
        - type: 'null'
        default: null
        description: X coordinate for click/move/scroll actions
      y:
        anyOf:
        - type: integer
        - type: 'null'
        default: null
        description: Y coordinate for click/move/scroll actions
      button:
        anyOf:
        - enum:
          - left
          - right
          - middle
          - back
          - forward
          type: string
        - type: 'null'
        default: null
        description: Mouse button for click actions (left, right, middle, wheel)
      text:
        anyOf:
        - type: string
        - type: 'null'
        default: null
        description: Text to type or response text
      scroll_x:
        anyOf:
        - type: integer
        - type: 'null'
        default: null
        description: Horizontal scroll amount
      scroll_y:
        anyOf:
        - type: integer
        - type: 'null'
        default: null
        description: Vertical scroll amount
      ms:
        anyOf:
        - type: integer
        - type: 'null'
        default: null
        description: Time to wait in milliseconds
      keys:
        anyOf:
        - items:
            type: string
          type: array
        - type: 'null'
        default: null
        description: Keys to press
      path:
        anyOf:
        - items:
            $ref: '#/$defs/Coordinate'
          type: array
        - type: 'null'
        default: null
        description: Path for drag actions as list of {x, y} dicts
      action:
        anyOf:
        - type: string
        - type: 'null'
        default: null
        description: Custom action name
    required:
    - type
    type: object
- name: computer
  description: Control computer with mouse, keyboard, and screenshots
  inputSchema:
    $defs:
      Coordinate:
        description: 'A coordinate point with x and y values.


          Used for path-based actions like drag operations.'
        properties:
          x:
            description: X coordinate
            type: integer
          y:
            description: Y coordinate
            type: integer
        required:
        - x
        - y
        type: object
    properties:
      action:
        description: The action name (click, press, write, move, etc.)
        enum:
        - click
        - press
        - keydown
        - keyup
        - write
        - scroll
        - move
        - wait
        - drag
        - response
        - screenshot
        - position
        - hold_key
        - mouse_down
        - mouse_up
        type: string
      x:
        anyOf:
        - type: integer
        - type: 'null'
        default: null
        description: X coordinate for click/move/scroll actions
      y:
        anyOf:
        - type: integer
        - type: 'null'
        default: null
        description: Y coordinate for click/move/scroll actions
      button:
        anyOf:
        - enum:
          - left
          - right
          - middle
          - back
          - forward
          type: string
        - type: 'null'
        default: null
        description: Mouse button for click actions
      pattern:
        anyOf:
        - items:
            type: integer
          type: array
        - type: 'null'
        default: null
        description: Click pattern for multi-clicks (e.g., [100] for double-click)
      text:
        anyOf:
        - type: string
        - type: 'null'
        default: null
        description: Text for write/response actions
      keys:
        anyOf:
        - items:
            type: string
          type: array
        - type: 'null'
        default: null
        description: Keys for press/keydown/keyup actions
      enter_after:
        anyOf:
        - type: boolean
        - type: 'null'
        default: null
        description: Whether to press Enter after typing
      scroll_x:
        anyOf:
        - type: integer
        - type: 'null'
        default: null
        description: Horizontal scroll amount (positive = right)
      scroll_y:
        anyOf:
        - type: integer
        - type: 'null'
        default: null
        description: Vertical scroll amount (positive = down)
      offset_x:
        anyOf:
        - type: integer
        - type: 'null'
        default: null
        description: X offset for relative move
      offset_y:
        anyOf:
        - type: integer
        - type: 'null'
        default: null
        description: Y offset for relative move
      path:
        anyOf:
        - items:
            $ref: '#/$defs/Coordinate'
          type: array
        - type: 'null'
        default: null
        description: Path for drag actions as list of {x, y} coordinates
      time:
        anyOf:
        - type: integer
        - type: 'null'
        default: null
        description: Time in milliseconds for wait action
      hold_keys:
        anyOf:
        - items:
            type: string
          type: array
        - type: 'null'
        default: null
        description: Keys to hold during action
      duration:
        anyOf:
        - type: number
        - type: 'null'
        default: null
        description: Duration in seconds for hold_key action
    required:
    - action
    type: object
- name: gemini_computer
  description: Control computer with mouse, keyboard, and screenshots
  inputSchema:
    properties:
      action:
        description: Gemini Computer Use action to perform
        type: string
      x:
        anyOf:
        - type: integer
        - type: 'null'
        default: null
        description: X coordinate (pixels in agent space)
      y:
        anyOf:
        - type: integer
        - type: 'null'
        default: null
        description: Y coordinate (pixels in agent space)
      text:
        anyOf:
        - type: string
        - type: 'null'
        default: null
        description: Text to type
      press_enter:
        anyOf:
        - type: boolean
        - type: 'null'
        default: null
        description: Whether to press Enter after typing (type_text_at)
      clear_before_typing:
        anyOf:
        - type: boolean
        - type: 'null'
        default: null
        description: Whether to select-all before typing (type_text_at)
      direction:
        anyOf:
        - enum:
          - up
          - down
          - left
          - right
          type: string
        - type: 'null'
        default: null
        description: Scroll direction for scroll_document/scroll_at
      magnitude:
        anyOf:
        - type: integer
        - type: 'null'
        default: null
        description: Scroll magnitude (pixels in agent space)
      url:
        anyOf:
        - type: string
        - type: 'null'
        default: null
        description: Target URL for navigate
      keys:
        anyOf:
        - items:
            type: string
          type: array
        - type: string
        - type: 'null'
        default: null
        description: Keys for key_combination
      destination_x:
        anyOf:
        - type: integer
        - type: 'null'
        default: null
        description: Destination X for drag_and_drop (agent space)
      destination_y:
        anyOf:
        - type: integer
        - type: 'null'
        default: null
        description: Destination Y for drag_and_drop (agent space)
      take_screenshot_on_click:
        default: true
        description: Whether to include a screenshot for interactive actions
        type: boolean
    required:
    - action
    type: object
- name: qwen_computer
  description: 'Use a mouse and keyboard to interact with a computer, and take screenshots.

    * This is an interface to a desktop GUI. You do not have access to a terminal
    or

    applications menu. You must click on desktop icons to start applications.

    * Some applications may take time to start or process actions, so you may need
    to

    wait and take successive screenshots to see the results of your actions. E.g.
    if you

    click on Firefox and a window doesn''t open, try wait and taking another screenshot.

    * The screen''s resolution is 700x448.

    * Whenever you intend to move the cursor to click on an element like an icon,
    you

    should consult a screenshot to determine the coordinates of the element before

    moving the cursor.

    * If you tried clicking on a program or link but it failed to load, even after

    waiting, try adjusting your cursor position so that the tip of the cursor visually

    falls on the element that you want to click.

    * Make sure to click any buttons, links, icons, etc with the cursor tip in the

    center of the element. Don''t click boxes on their edges.'
  inputSchema:
    properties:
      action:
        description: The action to perform on the computer
        type: string
      keys:
        anyOf:
        - items:
            type: string
          type: array
        - type: 'null'
        default: null
        description: Keys for key action
      text:
        anyOf:
        - type: string
        - type: 'null'
        default: null
        description: Text to type
      coordinate:
        anyOf:
        - items:
            type: integer
          type: array
        - type: 'null'
        default: null
        description: The coordinate to interact with on the computer [x, y]
      pixels:
        anyOf:
        - type: integer
        - type: 'null'
        default: null
        description: Pixels to scroll
      time:
        anyOf:
        - type: number
        - type: 'null'
        default: null
        description: Time to wait in seconds
      status:
        anyOf:
        - type: string
        - type: 'null'
        default: null
        description: Status for terminate action
    required:
    - action
    type: object
prompts:
- name: ui-cube:deterministic
  description: "[Setup] Run a deterministic benchmark task by ID.\n        \n    \
    \    Args:\n            task_id: The task ID (e.g., 'combo-box-tasks--1')\n  \
    \      "
  arguments:
  - name: task_id
    required: true
    description: null
    type: string
  meta:
    code: "    @env.scenario(\"deterministic\")\n    async def deterministic_scenario(task_id:\
      \ str):\n        \"\"\"Run a deterministic benchmark task by ID.\n        \n\
      \        Args:\n            task_id: The task ID (e.g., 'combo-box-tasks--1')\n\
      \        \"\"\"\n        import env as env_module\n        \n        # Look\
      \ up the task\n        task = _TASKS_BY_ID.get(task_id)\n        if not task:\n\
      \            logger.error(\"Task not found: %s\", task_id)\n            logger.error(\"\
      Available tasks: %s\", list(_TASKS_BY_ID.keys())[:10])\n            yield 0.0\n\
      \            return\n\n        ques = task.get(\"ques\", \"\")\n        ux_hint\
      \ = task.get(\"ux_hint\", \"\")\n        web_url = task.get(\"web\", \"\")\n\
      \n        # Localize the URL\n        if web_url:\n            web_url = _localize_url(web_url)\n\
      \n        # Get the playwright tool\n        tool = env_module.playwright_tool\n\
      \        if not tool:\n            logger.warning(\"No playwright tool; cannot\
      \ run task %s\", task_id)\n            yield 0.0\n            return\n\n   \
      \     # Navigate to the task URL BEFORE yielding prompt (so screenshots work)\n\
      \        if web_url:\n            logger.info(\"Navigating to task URL: %s\"\
      , web_url)\n            await tool.navigate(web_url)  # type: ignore[misc]\n\
      \n        # Build and yield prompt\n        parts = [ques]\n        if ux_hint:\n\
      \            parts.append(f\"\\nHint: {ux_hint}\")\n        if web_url:\n  \
      \          parts.append(f\"\\nURL: {web_url}\")\n        prompt = \"\\n\".join(parts)\n\
      \n        _ = yield prompt\n\n        # ===== VERIFICATION PHASE =====\n   \
      \     # Re-fetch tool in case state changed\n        tool = env_module.playwright_tool\n\
      \        \n        try:\n            if tool and tool.page:\n              \
      \  html = await tool.page.content()  # type: ignore[union-attr]\n          \
      \      success = \">code#1</\" in html\n                yield 1.0 if success\
      \ else 0.0\n            else:\n                logger.warning(\"No browser page\
      \ available for verification\")\n                yield 0.0\n        except Exception\
      \ as exc:\n            logger.error(\"Verification failed for %s: %s\", task_id,\
      \ exc)\n            yield 0.0\n"
    arguments:
    - name: task_id
      required: true
      type: string
    _fastmcp:
      tags: []
resources:
- uri: telemetry://live
  name: get_telemetry_resource
  description: null
  mime_type: text/plain
  meta:
    _fastmcp:
      tags: []
- uri: ui-cube:deterministic
  name: deterministic
  description: "[Evaluate] Run a deterministic benchmark task by ID.\n        \n \
    \       Args:\n            task_id: The task ID (e.g., 'combo-box-tasks--1')\n\
    \        "
  mime_type: application/json
  meta:
    code: "    @env.scenario(\"deterministic\")\n    async def deterministic_scenario(task_id:\
      \ str):\n        \"\"\"Run a deterministic benchmark task by ID.\n        \n\
      \        Args:\n            task_id: The task ID (e.g., 'combo-box-tasks--1')\n\
      \        \"\"\"\n        import env as env_module\n        \n        # Look\
      \ up the task\n        task = _TASKS_BY_ID.get(task_id)\n        if not task:\n\
      \            logger.error(\"Task not found: %s\", task_id)\n            logger.error(\"\
      Available tasks: %s\", list(_TASKS_BY_ID.keys())[:10])\n            yield 0.0\n\
      \            return\n\n        ques = task.get(\"ques\", \"\")\n        ux_hint\
      \ = task.get(\"ux_hint\", \"\")\n        web_url = task.get(\"web\", \"\")\n\
      \n        # Localize the URL\n        if web_url:\n            web_url = _localize_url(web_url)\n\
      \n        # Get the playwright tool\n        tool = env_module.playwright_tool\n\
      \        if not tool:\n            logger.warning(\"No playwright tool; cannot\
      \ run task %s\", task_id)\n            yield 0.0\n            return\n\n   \
      \     # Navigate to the task URL BEFORE yielding prompt (so screenshots work)\n\
      \        if web_url:\n            logger.info(\"Navigating to task URL: %s\"\
      , web_url)\n            await tool.navigate(web_url)  # type: ignore[misc]\n\
      \n        # Build and yield prompt\n        parts = [ques]\n        if ux_hint:\n\
      \            parts.append(f\"\\nHint: {ux_hint}\")\n        if web_url:\n  \
      \          parts.append(f\"\\nURL: {web_url}\")\n        prompt = \"\\n\".join(parts)\n\
      \n        _ = yield prompt\n\n        # ===== VERIFICATION PHASE =====\n   \
      \     # Re-fetch tool in case state changed\n        tool = env_module.playwright_tool\n\
      \        \n        try:\n            if tool and tool.page:\n              \
      \  html = await tool.page.content()  # type: ignore[union-attr]\n          \
      \      success = \">code#1</\" in html\n                yield 1.0 if success\
      \ else 0.0\n            else:\n                logger.warning(\"No browser page\
      \ available for verification\")\n                yield 0.0\n        except Exception\
      \ as exc:\n            logger.error(\"Verification failed for %s: %s\", task_id,\
      \ exc)\n            yield 0.0\n"
    arguments:
    - name: task_id
      required: true
      type: string
    _fastmcp:
      tags: []
